
Microsoft Visual Studio Solution File, Format Version 12.00
# Visual Studio 15
VisualStudioVersion = 15.0.28307.852
MinimumVisualStudioVersion = 10.0.40219.1
Project("{2150E333-8FDC-42A3-9474-1A3956D46DE8}") = "1.Presentation", "1.Presentation", "{40E8486B-A355-4C56-8F19-4A4E00EB5111}"
EndProject
Project("{2150E333-8FDC-42A3-9474-1A3956D46DE8}") = "2.Application", "2.Application", "{7BD89FB0-2BF3-4966-88AC-B704860A5366}"
EndProject
Project("{2150E333-8FDC-42A3-9474-1A3956D46DE8}") = "3.Domain", "3.Domain", "{ABFC977D-3481-4645-AAB5-85CAE6E6F07C}"
EndProject
Project("{2150E333-8FDC-42A3-9474-1A3956D46DE8}") = "4.Infrastructure", "4.Infrastructure", "{7BAFF94F-E046-4013-88C5-9A77B9848C97}"
EndProject
Project("{9A19103F-16F7-4668-BE54-9A1E7A4F7556}") = "AA.Web", "AA.Web\AA.Web.csproj", "{799C5948-9BD4-498D-A39C-88257930BCAD}"
EndProject
Project("{9A19103F-16F7-4668-BE54-9A1E7A4F7556}") = "AA.Web.FrameWork", "AA.Web.FrameWork\AA.Web.FrameWork.csproj", "{B5BC885B-7E6C-4490-855D-E0D48B1CD623}"
EndProject
Project("{9A19103F-16F7-4668-BE54-9A1E7A4F7556}") = "AA.ApplicationService", "AA.ApplicationService\AA.ApplicationService.csproj", "{613D3133-E66E-4099-8353-9CCC891DC050}"
EndProject
Project("{9A19103F-16F7-4668-BE54-9A1E7A4F7556}") = "AA.Domain", "AA.Domain\AA.Domain.csproj", "{6FF7E87F-F5A7-40A4-B2C5-6555A27149D9}"
EndProject
Project("{9A19103F-16F7-4668-BE54-9A1E7A4F7556}") = "AA.Enum", "AA.Enum\AA.Enum.csproj", "{F09EDF87-AC64-4809-A72F-08830575C2EE}"
EndProject
Project("{9A19103F-16F7-4668-BE54-9A1E7A4F7556}") = "AA.Dto", "AA.Dto\AA.Dto.csproj", "{EBC8FC8B-C80C-4A81-AB30-8007911C227A}"
EndProject
Project("{9A19103F-16F7-4668-BE54-9A1E7A4F7556}") = "AA.Config", "AA.Config\AA.Config.csproj", "{7C97C639-CB1F-437F-B816-DAF12212479A}"
EndProject
Project("{9A19103F-16F7-4668-BE54-9A1E7A4F7556}") = "AA.DataAccess", "AA.DataAccess\AA.DataAccess.csproj", "{BC2BCEAD-A6B6-40B5-B1F3-1D10E5F708D2}"
EndProject
Project("{9A19103F-16F7-4668-BE54-9A1E7A4F7556}") = "AA.ViemModel", "AA.ViemModel\AA.ViemModel.csproj", "{BE4FD72C-6644-4CBF-B735-DE9DD04BB916}"
EndProject
Project("{9A19103F-16F7-4668-BE54-9A1E7A4F7556}") = "AA.Utils", "AA.Utils\AA.Utils.csproj", "{5D96D146-8350-42F6-A6EC-68B877FC4850}"
EndProject
Project("{2150E333-8FDC-42A3-9474-1A3956D46DE8}") = "Models", "Models", "{787EE524-69D6-4687-A4E5-8A68265054CA}"
EndProject
Project("{2150E333-8FDC-42A3-9474-1A3956D46DE8}") = "DataAccess", "DataAccess", "{64E9D752-F1BA-464C-AC2A-5A743FFF49EB}"
EndProject
Project("{2150E333-8FDC-42A3-9474-1A3956D46DE8}") = "Config", "Config", "{4C596A0E-5F6A-4948-9A79-B8ED7E897CBD}"
EndProject
Project("{2150E333-8FDC-42A3-9474-1A3956D46DE8}") = "Utils", "Utils", "{E8585BD8-0E71-412A-BBB5-C6CA8BF381B1}"
EndProject
Global
	GlobalSection(SolutionConfigurationPlatforms) = preSolution
		Debug|Any CPU = Debug|Any CPU
		Release|Any CPU = Release|Any CPU
	EndGlobalSection
	GlobalSection(ProjectConfigurationPlatforms) = postSolution
		{799C5948-9BD4-498D-A39C-88257930BCAD}.Debug|Any CPU.ActiveCfg = Debug|Any CPU
		{799C5948-9BD4-498D-A39C-88257930BCAD}.Debug|Any CPU.Build.0 = Debug|Any CPU
		{799C5948-9BD4-498D-A39C-88257930BCAD}.Release|Any CPU.ActiveCfg = Release|Any CPU
		{799C5948-9BD4-498D-A39C-88257930BCAD}.Release|Any CPU.Build.0 = Release|Any CPU
		{B5BC885B-7E6C-4490-855D-E0D48B1CD623}.Debug|Any CPU.ActiveCfg = Debug|Any CPU
		{B5BC885B-7E6C-4490-855D-E0D48B1CD623}.Debug|Any CPU.Build.0 = Debug|Any CPU
		{B5BC885B-7E6C-4490-855D-E0D48B1CD623}.Release|Any CPU.ActiveCfg = Release|Any CPU
		{B5BC885B-7E6C-4490-855D-E0D48B1CD623}.Release|Any CPU.Build.0 = Release|Any CPU
		{613D3133-E66E-4099-8353-9CCC891DC050}.Debug|Any CPU.ActiveCfg = Debug|Any CPU
		{613D3133-E66E-4099-8353-9CCC891DC050}.Debug|Any CPU.Build.0 = Debug|Any CPU
		{613D3133-E66E-4099-8353-9CCC891DC050}.Release|Any CPU.ActiveCfg = Release|Any CPU
		{613D3133-E66E-4099-8353-9CCC891DC050}.Release|Any CPU.Build.0 = Release|Any CPU
		{6FF7E87F-F5A7-40A4-B2C5-6555A27149D9}.Debug|Any CPU.ActiveCfg = Debug|Any CPU
		{6FF7E87F-F5A7-40A4-B2C5-6555A27149D9}.Debug|Any CPU.Build.0 = Debug|Any CPU
		{6FF7E87F-F5A7-40A4-B2C5-6555A27149D9}.Release|Any CPU.ActiveCfg = Release|Any CPU
		{6FF7E87F-F5A7-40A4-B2C5-6555A27149D9}.Release|Any CPU.Build.0 = Release|Any CPU
		{F09EDF87-AC64-4809-A72F-08830575C2EE}.Debug|Any CPU.ActiveCfg = Debug|Any CPU
		{F09EDF87-AC64-4809-A72F-08830575C2EE}.Debug|Any CPU.Build.0 = Debug|Any CPU
		{F09EDF87-AC64-4809-A72F-08830575C2EE}.Release|Any CPU.ActiveCfg = Release|Any CPU
		{F09EDF87-AC64-4809-A72F-08830575C2EE}.Release|Any CPU.Build.0 = Release|Any CPU
		{EBC8FC8B-C80C-4A81-AB30-8007911C227A}.Debug|Any CPU.ActiveCfg = Debug|Any CPU
		{EBC8FC8B-C80C-4A81-AB30-8007911C227A}.Debug|Any CPU.Build.0 = Debug|Any CPU
		{EBC8FC8B-C80C-4A81-AB30-8007911C227A}.Release|Any CPU.ActiveCfg = Release|Any CPU
		{EBC8FC8B-C80C-4A81-AB30-8007911C227A}.Release|Any CPU.Build.0 = Release|Any CPU
		{7C97C639-CB1F-437F-B816-DAF12212479A}.Debug|Any CPU.ActiveCfg = Debug|Any CPU
		{7C97C639-CB1F-437F-B816-DAF12212479A}.Debug|Any CPU.Build.0 = Debug|Any CPU
		{7C97C639-CB1F-437F-B816-DAF12212479A}.Release|Any CPU.ActiveCfg = Release|Any CPU
		{7C97C639-CB1F-437F-B816-DAF12212479A}.Release|Any CPU.Build.0 = Release|Any CPU
		{BC2BCEAD-A6B6-40B5-B1F3-1D10E5F708D2}.Debug|Any CPU.ActiveCfg = Debug|Any CPU
		{BC2BCEAD-A6B6-40B5-B1F3-1D10E5F708D2}.Debug|Any CPU.Build.0 = Debug|Any CPU
		{BC2BCEAD-A6B6-40B5-B1F3-1D10E5F708D2}.Release|Any CPU.ActiveCfg = Release|Any CPU
		{BC2BCEAD-A6B6-40B5-B1F3-1D10E5F708D2}.Release|Any CPU.Build.0 = Release|Any CPU
		{BE4FD72C-6644-4CBF-B735-DE9DD04BB916}.Debug|Any CPU.ActiveCfg = Debug|Any CPU
		{BE4FD72C-6644-4CBF-B735-DE9DD04BB916}.Debug|Any CPU.Build.0 = Debug|Any CPU
		{BE4FD72C-6644-4CBF-B735-DE9DD04BB916}.Release|Any CPU.ActiveCfg = Release|Any CPU
		{BE4FD72C-6644-4CBF-B735-DE9DD04BB916}.Release|Any CPU.Build.0 = Release|Any CPU
		{5D96D146-8350-42F6-A6EC-68B877FC4850}.Debug|Any CPU.ActiveCfg = Debug|Any CPU
		{5D96D146-8350-42F6-A6EC-68B877FC4850}.Debug|Any CPU.Build.0 = Debug|Any CPU
		{5D96D146-8350-42F6-A6EC-68B877FC4850}.Release|Any CPU.ActiveCfg = Release|Any CPU
		{5D96D146-8350-42F6-A6EC-68B877FC4850}.Release|Any CPU.Build.0 = Release|Any CPU
	EndGlobalSection
	GlobalSection(SolutionProperties) = preSolution
		HideSolutionNode = FALSE
	EndGlobalSection
	GlobalSection(NestedProjects) = preSolution
		{799C5948-9BD4-498D-A39C-88257930BCAD} = {40E8486B-A355-4C56-8F19-4A4E00EB5111}
		{B5BC885B-7E6C-4490-855D-E0D48B1CD623} = {40E8486B-A355-4C56-8F19-4A4E00EB5111}
		{613D3133-E66E-4099-8353-9CCC891DC050} = {7BD89FB0-2BF3-4966-88AC-B704860A5366}
		{6FF7E87F-F5A7-40A4-B2C5-6555A27149D9} = {ABFC977D-3481-4645-AAB5-85CAE6E6F07C}
		{F09EDF87-AC64-4809-A72F-08830575C2EE} = {787EE524-69D6-4687-A4E5-8A68265054CA}
		{EBC8FC8B-C80C-4A81-AB30-8007911C227A} = {787EE524-69D6-4687-A4E5-8A68265054CA}
		{7C97C639-CB1F-437F-B816-DAF12212479A} = {4C596A0E-5F6A-4948-9A79-B8ED7E897CBD}
		{BC2BCEAD-A6B6-40B5-B1F3-1D10E5F708D2} = {64E9D752-F1BA-464C-AC2A-5A743FFF49EB}
		{BE4FD72C-6644-4CBF-B735-DE9DD04BB916} = {787EE524-69D6-4687-A4E5-8A68265054CA}
		{5D96D146-8350-42F6-A6EC-68B877FC4850} = {E8585BD8-0E71-412A-BBB5-C6CA8BF381B1}
		{787EE524-69D6-4687-A4E5-8A68265054CA} = {7BAFF94F-E046-4013-88C5-9A77B9848C97}
		{64E9D752-F1BA-464C-AC2A-5A743FFF49EB} = {7BAFF94F-E046-4013-88C5-9A77B9848C97}
		{4C596A0E-5F6A-4948-9A79-B8ED7E897CBD} = {7BAFF94F-E046-4013-88C5-9A77B9848C97}
		{E8585BD8-0E71-412A-BBB5-C6CA8BF381B1} = {7BAFF94F-E046-4013-88C5-9A77B9848C97}
	EndGlobalSection
	GlobalSection(ExtensibilityGlobals) = postSolution
		SolutionGuid = {E972C9DE-BF13-4F5C-8589-F1B80DCE6B99}
	EndGlobalSection
EndGlobal
